
Microsoft Visual Studio Solution File, Format Version 12.00
# Visual Studio Version 16
VisualStudioVersion = 16.0.29926.136
MinimumVisualStudioVersion = 10.0.40219.1
Project("{FAE04EC0-301F-11D3-BF4B-00C04F79EFBC}") = "technical.challenge.console", "src\technical.challenge.console\technical.challenge.console.csproj", "{986A82C1-2529-4035-B7CE-4AE6B13AF9B2}"
EndProject
Global
	GlobalSection(SolutionConfigurationPlatforms) = preSolution
		Debug|Any CPU = Debug|Any CPU
		Release|Any CPU = Release|Any CPU
	EndGlobalSection
	GlobalSection(ProjectConfigurationPlatforms) = postSolution
		{986A82C1-2529-4035-B7CE-4AE6B13AF9B2}.Debug|Any CPU.ActiveCfg = Debug|Any CPU
		{986A82C1-2529-4035-B7CE-4AE6B13AF9B2}.Debug|Any CPU.Build.0 = Debug|Any CPU
		{986A82C1-2529-4035-B7CE-4AE6B13AF9B2}.Release|Any CPU.ActiveCfg = Release|Any CPU
		{986A82C1-2529-4035-B7CE-4AE6B13AF9B2}.Release|Any CPU.Build.0 = Release|Any CPU
	EndGlobalSection
	GlobalSection(SolutionProperties) = preSolution
		HideSolutionNode = FALSE
	EndGlobalSection
	GlobalSection(ExtensibilityGlobals) = postSolution
		SolutionGuid = {101FAB43-3007-4841-B88C-FFECAD7AE4D9}
	EndGlobalSection
EndGlobal
